// !$*UTF8*$!
{
	archiveVersion = 1;
	classes = {
	};
	objectVersion = 46;
	objects = {

/* Begin PBXBuildFile section */
		CF775A631AAB273000C53713 /* StoryboardUsuario.storyboard in Resources */ = {isa = PBXBuildFile; fileRef = CF775A621AAB273000C53713 /* StoryboardUsuario.storyboard */; };
		CF775A691AAB29B700C53713 /* Telas Feirante Venda.png in Resources */ = {isa = PBXBuildFile; fileRef = CF775A651AAB29B700C53713 /* Telas Feirante Venda.png */; };
		CF775A6A1AAB29B700C53713 /* Telas Inicial Cliente.png in Resources */ = {isa = PBXBuildFile; fileRef = CF775A661AAB29B700C53713 /* Telas Inicial Cliente.png */; };
		CF775A6B1AAB29B700C53713 /* Telas Inicial Feirante.png in Resources */ = {isa = PBXBuildFile; fileRef = CF775A671AAB29B700C53713 /* Telas Inicial Feirante.png */; };
		CF775A6D1AAB36F600C53713 /* Telas Boas Vindas - Cliente.png in Resources */ = {isa = PBXBuildFile; fileRef = CF775A6C1AAB36F600C53713 /* Telas Boas Vindas - Cliente.png */; };
		CF775A6F1AAB375300C53713 /* Telas Cliente Compra.png in Resources */ = {isa = PBXBuildFile; fileRef = CF775A6E1AAB375300C53713 /* Telas Cliente Compra.png */; };
		CF775A711AAB411100C53713 /* Telas Cliente Compra.png in Resources */ = {isa = PBXBuildFile; fileRef = CF775A701AAB411100C53713 /* Telas Cliente Compra.png */; };
		CF775A731AAB655C00C53713 /* Telas Procurar Feirante.png in Resources */ = {isa = PBXBuildFile; fileRef = CF775A721AAB655C00C53713 /* Telas Procurar Feirante.png */; };
		CF775A751AAB68B600C53713 /* Telas Procurar Produto.png in Resources */ = {isa = PBXBuildFile; fileRef = CF775A741AAB68B600C53713 /* Telas Procurar Produto.png */; };
		CF775A771AAB6AF200C53713 /* Telas Criar Lista.png in Resources */ = {isa = PBXBuildFile; fileRef = CF775A761AAB6AF200C53713 /* Telas Criar Lista.png */; };
		CF775A791AAB6C3C00C53713 /* Telas Feirantes Favoritos.png in Resources */ = {isa = PBXBuildFile; fileRef = CF775A781AAB6C3C00C53713 /* Telas Feirantes Favoritos.png */; };
		E35D12851AA7BF8500A646F4 /* main.m in Sources */ = {isa = PBXBuildFile; fileRef = E35D12841AA7BF8500A646F4 /* main.m */; };
		E35D12881AA7BF8500A646F4 /* AppDelegate.m in Sources */ = {isa = PBXBuildFile; fileRef = E35D12871AA7BF8500A646F4 /* AppDelegate.m */; };
		E35D128B1AA7BF8500A646F4 /* ViewController.m in Sources */ = {isa = PBXBuildFile; fileRef = E35D128A1AA7BF8500A646F4 /* ViewController.m */; };
		E35D12901AA7BF8500A646F4 /* Images.xcassets in Resources */ = {isa = PBXBuildFile; fileRef = E35D128F1AA7BF8500A646F4 /* Images.xcassets */; };
		E35D12931AA7BF8500A646F4 /* LaunchScreen.xib in Resources */ = {isa = PBXBuildFile; fileRef = E35D12911AA7BF8500A646F4 /* LaunchScreen.xib */; };
		E35D129F1AA7BF8500A646F4 /* MinhaFeiraTests.m in Sources */ = {isa = PBXBuildFile; fileRef = E35D129E1AA7BF8500A646F4 /* MinhaFeiraTests.m */; };
		E35D12A91AA7C04600A646F4 /* MapKit.framework in Frameworks */ = {isa = PBXBuildFile; fileRef = E35D12A81AA7C04600A646F4 /* MapKit.framework */; };
		E35D12AC1AA7C29C00A646F4 /* fundoentrar.png in Resources */ = {isa = PBXBuildFile; fileRef = E35D12AB1AA7C29C00A646F4 /* fundoentrar.png */; };
		E35D12AE1AA7C59300A646F4 /* backgroundimage.png in Resources */ = {isa = PBXBuildFile; fileRef = E35D12AD1AA7C59300A646F4 /* backgroundimage.png */; };
		E35D12B21AA7CD0100A646F4 /* Logo.png in Resources */ = {isa = PBXBuildFile; fileRef = E35D12B11AA7CD0100A646F4 /* Logo.png */; };
		E35D12B41AA7D0C500A646F4 /* face.png in Resources */ = {isa = PBXBuildFile; fileRef = E35D12B31AA7D0C500A646F4 /* face.png */; };
		E35D12B81AA7D8E900A646F4 /* botao.png in Resources */ = {isa = PBXBuildFile; fileRef = E35D12B71AA7D8E900A646F4 /* botao.png */; };
		E35D12BC1AA904CF00A646F4 /* linha.png in Resources */ = {isa = PBXBuildFile; fileRef = E35D12BB1AA904CF00A646F4 /* linha.png */; };
		E35D12BE1AA91B9900A646F4 /* StoryboardGuilherme.storyboard in Resources */ = {isa = PBXBuildFile; fileRef = E35D12BD1AA91B9900A646F4 /* StoryboardGuilherme.storyboard */; };
		E35D12C01AA91BA400A646F4 /* StoryboardJoao.storyboard in Resources */ = {isa = PBXBuildFile; fileRef = E35D12BF1AA91BA400A646F4 /* StoryboardJoao.storyboard */; };
		E35D12C21AA920E000A646F4 /* triangulo.png in Resources */ = {isa = PBXBuildFile; fileRef = E35D12C11AA920E000A646F4 /* triangulo.png */; };
		E35D12C51AA9328F00A646F4 /* Main.storyboard in Resources */ = {isa = PBXBuildFile; fileRef = E35D12C31AA9328F00A646F4 /* Main.storyboard */; };
		E3D4451D1AAA5AE900A8928D /* pin.png in Resources */ = {isa = PBXBuildFile; fileRef = E3D4451C1AAA5AE900A8928D /* pin.png */; };
		E3DF5FD11AAB41E200B1B97E /* StoryboardComerciante.storyboard in Resources */ = {isa = PBXBuildFile; fileRef = E3DF5FD01AAB41E200B1B97E /* StoryboardComerciante.storyboard */; };
		E3DF5FD31AAB425900B1B97E /* Telas Boas Vindas - Feirante.png in Resources */ = {isa = PBXBuildFile; fileRef = E3DF5FD21AAB425900B1B97E /* Telas Boas Vindas - Feirante.png */; };
		E3DF5FD51AAB4B1100B1B97E /* Telas Criar Lista.png in Resources */ = {isa = PBXBuildFile; fileRef = E3DF5FD41AAB4B1100B1B97E /* Telas Criar Lista.png */; };
		E3DF5FD71AAB6F1300B1B97E /* Tela Aberto.png in Resources */ = {isa = PBXBuildFile; fileRef = E3DF5FD61AAB6F1300B1B97E /* Tela Aberto.png */; };
		E3DF5FD91AAB6FCB00B1B97E /* Telas Feirante Venda Fechar.png in Resources */ = {isa = PBXBuildFile; fileRef = E3DF5FD81AAB6FCB00B1B97E /* Telas Feirante Venda Fechar.png */; };
		E3DF5FDB1AAB79C000B1B97E /* Tela Aberto.png in Resources */ = {isa = PBXBuildFile; fileRef = E3DF5FDA1AAB79C000B1B97E /* Tela Aberto.png */; };
/* End PBXBuildFile section */

/* Begin PBXContainerItemProxy section */
		E35D12991AA7BF8500A646F4 /* PBXContainerItemProxy */ = {
			isa = PBXContainerItemProxy;
			containerPortal = E35D12771AA7BF8500A646F4 /* Project object */;
			proxyType = 1;
			remoteGlobalIDString = E35D127E1AA7BF8500A646F4;
			remoteInfo = MinhaFeira;
		};
/* End PBXContainerItemProxy section */

/* Begin PBXFileReference section */
		CF775A621AAB273000C53713 /* StoryboardUsuario.storyboard */ = {isa = PBXFileReference; fileEncoding = 4; lastKnownFileType = file.storyboard; path = StoryboardUsuario.storyboard; sourceTree = "<group>"; };
		CF775A651AAB29B700C53713 /* Telas Feirante Venda.png */ = {isa = PBXFileReference; lastKnownFileType = image.png; path = "Telas Feirante Venda.png"; sourceTree = "<group>"; };
		CF775A661AAB29B700C53713 /* Telas Inicial Cliente.png */ = {isa = PBXFileReference; lastKnownFileType = image.png; path = "Telas Inicial Cliente.png"; sourceTree = "<group>"; };
		CF775A671AAB29B700C53713 /* Telas Inicial Feirante.png */ = {isa = PBXFileReference; lastKnownFileType = image.png; path = "Telas Inicial Feirante.png"; sourceTree = "<group>"; };
		CF775A6C1AAB36F600C53713 /* Telas Boas Vindas - Cliente.png */ = {isa = PBXFileReference; lastKnownFileType = image.png; path = "Telas Boas Vindas - Cliente.png"; sourceTree = "<group>"; };
		CF775A6E1AAB375300C53713 /* Telas Cliente Compra.png */ = {isa = PBXFileReference; lastKnownFileType = image.png; path = "Telas Cliente Compra.png"; sourceTree = "<group>"; };
		CF775A701AAB411100C53713 /* Telas Cliente Compra.png */ = {isa = PBXFileReference; lastKnownFileType = image.png; path = "Telas Cliente Compra.png"; sourceTree = "<group>"; };
		CF775A721AAB655C00C53713 /* Telas Procurar Feirante.png */ = {isa = PBXFileReference; lastKnownFileType = image.png; path = "Telas Procurar Feirante.png"; sourceTree = "<group>"; };
		CF775A741AAB68B600C53713 /* Telas Procurar Produto.png */ = {isa = PBXFileReference; lastKnownFileType = image.png; path = "Telas Procurar Produto.png"; sourceTree = "<group>"; };
		CF775A761AAB6AF200C53713 /* Telas Criar Lista.png */ = {isa = PBXFileReference; lastKnownFileType = image.png; path = "Telas Criar Lista.png"; sourceTree = "<group>"; };
		CF775A781AAB6C3C00C53713 /* Telas Feirantes Favoritos.png */ = {isa = PBXFileReference; lastKnownFileType = image.png; path = "Telas Feirantes Favoritos.png"; sourceTree = "<group>"; };
		E35D127F1AA7BF8500A646F4 /* MinhaFeira.app */ = {isa = PBXFileReference; explicitFileType = wrapper.application; includeInIndex = 0; path = MinhaFeira.app; sourceTree = BUILT_PRODUCTS_DIR; };
		E35D12831AA7BF8500A646F4 /* Info.plist */ = {isa = PBXFileReference; lastKnownFileType = text.plist.xml; path = Info.plist; sourceTree = "<group>"; };
		E35D12841AA7BF8500A646F4 /* main.m */ = {isa = PBXFileReference; lastKnownFileType = sourcecode.c.objc; path = main.m; sourceTree = "<group>"; };
		E35D12861AA7BF8500A646F4 /* AppDelegate.h */ = {isa = PBXFileReference; lastKnownFileType = sourcecode.c.h; path = AppDelegate.h; sourceTree = "<group>"; };
		E35D12871AA7BF8500A646F4 /* AppDelegate.m */ = {isa = PBXFileReference; lastKnownFileType = sourcecode.c.objc; path = AppDelegate.m; sourceTree = "<group>"; };
		E35D12891AA7BF8500A646F4 /* ViewController.h */ = {isa = PBXFileReference; lastKnownFileType = sourcecode.c.h; path = ViewController.h; sourceTree = "<group>"; };
		E35D128A1AA7BF8500A646F4 /* ViewController.m */ = {isa = PBXFileReference; lastKnownFileType = sourcecode.c.objc; path = ViewController.m; sourceTree = "<group>"; };
		E35D128F1AA7BF8500A646F4 /* Images.xcassets */ = {isa = PBXFileReference; lastKnownFileType = folder.assetcatalog; path = Images.xcassets; sourceTree = "<group>"; };
		E35D12921AA7BF8500A646F4 /* Base */ = {isa = PBXFileReference; lastKnownFileType = file.xib; name = Base; path = Base.lproj/LaunchScreen.xib; sourceTree = "<group>"; };
		E35D12981AA7BF8500A646F4 /* MinhaFeiraTests.xctest */ = {isa = PBXFileReference; explicitFileType = wrapper.cfbundle; includeInIndex = 0; path = MinhaFeiraTests.xctest; sourceTree = BUILT_PRODUCTS_DIR; };
		E35D129D1AA7BF8500A646F4 /* Info.plist */ = {isa = PBXFileReference; lastKnownFileType = text.plist.xml; path = Info.plist; sourceTree = "<group>"; };
		E35D129E1AA7BF8500A646F4 /* MinhaFeiraTests.m */ = {isa = PBXFileReference; lastKnownFileType = sourcecode.c.objc; path = MinhaFeiraTests.m; sourceTree = "<group>"; };
		E35D12A81AA7C04600A646F4 /* MapKit.framework */ = {isa = PBXFileReference; lastKnownFileType = wrapper.framework; name = MapKit.framework; path = System/Library/Frameworks/MapKit.framework; sourceTree = SDKROOT; };
		E35D12AB1AA7C29C00A646F4 /* fundoentrar.png */ = {isa = PBXFileReference; lastKnownFileType = image.png; path = fundoentrar.png; sourceTree = "<group>"; };
		E35D12AD1AA7C59300A646F4 /* backgroundimage.png */ = {isa = PBXFileReference; lastKnownFileType = image.png; path = backgroundimage.png; sourceTree = "<group>"; };
		E35D12B11AA7CD0100A646F4 /* Logo.png */ = {isa = PBXFileReference; lastKnownFileType = image.png; path = Logo.png; sourceTree = "<group>"; };
		E35D12B31AA7D0C500A646F4 /* face.png */ = {isa = PBXFileReference; lastKnownFileType = image.png; path = face.png; sourceTree = "<group>"; };
		E35D12B71AA7D8E900A646F4 /* botao.png */ = {isa = PBXFileReference; lastKnownFileType = image.png; path = botao.png; sourceTree = "<group>"; };
		E35D12BB1AA904CF00A646F4 /* linha.png */ = {isa = PBXFileReference; lastKnownFileType = image.png; path = linha.png; sourceTree = "<group>"; };
		E35D12BD1AA91B9900A646F4 /* StoryboardGuilherme.storyboard */ = {isa = PBXFileReference; fileEncoding = 4; lastKnownFileType = file.storyboard; path = StoryboardGuilherme.storyboard; sourceTree = "<group>"; };
		E35D12BF1AA91BA400A646F4 /* StoryboardJoao.storyboard */ = {isa = PBXFileReference; fileEncoding = 4; lastKnownFileType = file.storyboard; path = StoryboardJoao.storyboard; sourceTree = "<group>"; };
		E35D12C11AA920E000A646F4 /* triangulo.png */ = {isa = PBXFileReference; lastKnownFileType = image.png; path = triangulo.png; sourceTree = "<group>"; };
		E35D12C41AA9328F00A646F4 /* Base */ = {isa = PBXFileReference; lastKnownFileType = file.storyboard; name = Base; path = Base.lproj/Main.storyboard; sourceTree = "<group>"; };
		E3D4451C1AAA5AE900A8928D /* pin.png */ = {isa = PBXFileReference; lastKnownFileType = image.png; path = pin.png; sourceTree = "<group>"; };
		E3DF5FD01AAB41E200B1B97E /* StoryboardComerciante.storyboard */ = {isa = PBXFileReference; fileEncoding = 4; lastKnownFileType = file.storyboard; path = StoryboardComerciante.storyboard; sourceTree = "<group>"; };
		E3DF5FD21AAB425900B1B97E /* Telas Boas Vindas - Feirante.png */ = {isa = PBXFileReference; lastKnownFileType = image.png; path = "Telas Boas Vindas - Feirante.png"; sourceTree = "<group>"; };
		E3DF5FD41AAB4B1100B1B97E /* Telas Criar Lista.png */ = {isa = PBXFileReference; lastKnownFileType = image.png; path = "Telas Criar Lista.png"; sourceTree = "<group>"; };
		E3DF5FD61AAB6F1300B1B97E /* Tela Aberto.png */ = {isa = PBXFileReference; lastKnownFileType = image.png; path = "Tela Aberto.png"; sourceTree = "<group>"; };
		E3DF5FD81AAB6FCB00B1B97E /* Telas Feirante Venda Fechar.png */ = {isa = PBXFileReference; lastKnownFileType = image.png; path = "Telas Feirante Venda Fechar.png"; sourceTree = "<group>"; };
		E3DF5FDA1AAB79C000B1B97E /* Tela Aberto.png */ = {isa = PBXFileReference; lastKnownFileType = image.png; path = "Tela Aberto.png"; sourceTree = "<group>"; };
/* End PBXFileReference section */

/* Begin PBXFrameworksBuildPhase section */
		E35D127C1AA7BF8500A646F4 /* Frameworks */ = {
			isa = PBXFrameworksBuildPhase;
			buildActionMask = 2147483647;
			files = (
				E35D12A91AA7C04600A646F4 /* MapKit.framework in Frameworks */,
			);
			runOnlyForDeploymentPostprocessing = 0;
		};
		E35D12951AA7BF8500A646F4 /* Frameworks */ = {
			isa = PBXFrameworksBuildPhase;
			buildActionMask = 2147483647;
			files = (
			);
			runOnlyForDeploymentPostprocessing = 0;
		};
/* End PBXFrameworksBuildPhase section */

/* Begin PBXGroup section */
		E35D12761AA7BF8500A646F4 = {
			isa = PBXGroup;
			children = (
				E35D12A81AA7C04600A646F4 /* MapKit.framework */,
				E35D12811AA7BF8500A646F4 /* MinhaFeira */,
				E35D129B1AA7BF8500A646F4 /* MinhaFeiraTests */,
				E35D12801AA7BF8500A646F4 /* Products */,
			);
			sourceTree = "<group>";
		};
		E35D12801AA7BF8500A646F4 /* Products */ = {
			isa = PBXGroup;
			children = (
				E35D127F1AA7BF8500A646F4 /* MinhaFeira.app */,
				E35D12981AA7BF8500A646F4 /* MinhaFeiraTests.xctest */,
			);
			name = Products;
			sourceTree = "<group>";
		};
		E35D12811AA7BF8500A646F4 /* MinhaFeira */ = {
			isa = PBXGroup;
			children = (
				CF775A621AAB273000C53713 /* StoryboardUsuario.storyboard */,
				E3DF5FD01AAB41E200B1B97E /* StoryboardComerciante.storyboard */,
				E35D12C31AA9328F00A646F4 /* Main.storyboard */,
				E35D12AA1AA7C28A00A646F4 /* Image */,
				E35D12861AA7BF8500A646F4 /* AppDelegate.h */,
				E35D12871AA7BF8500A646F4 /* AppDelegate.m */,
				E35D12891AA7BF8500A646F4 /* ViewController.h */,
				E35D128A1AA7BF8500A646F4 /* ViewController.m */,
				E35D128F1AA7BF8500A646F4 /* Images.xcassets */,
				E35D12911AA7BF8500A646F4 /* LaunchScreen.xib */,
				E35D12821AA7BF8500A646F4 /* Supporting Files */,
				E35D12BD1AA91B9900A646F4 /* StoryboardGuilherme.storyboard */,
				E35D12BF1AA91BA400A646F4 /* StoryboardJoao.storyboard */,
			);
			path = MinhaFeira;
			sourceTree = "<group>";
		};
		E35D12821AA7BF8500A646F4 /* Supporting Files */ = {
			isa = PBXGroup;
			children = (
				E35D12831AA7BF8500A646F4 /* Info.plist */,
				E35D12841AA7BF8500A646F4 /* main.m */,
			);
			name = "Supporting Files";
			sourceTree = "<group>";
		};
		E35D129B1AA7BF8500A646F4 /* MinhaFeiraTests */ = {
			isa = PBXGroup;
			children = (
				E35D129E1AA7BF8500A646F4 /* MinhaFeiraTests.m */,
				E35D129C1AA7BF8500A646F4 /* Supporting Files */,
			);
			path = MinhaFeiraTests;
			sourceTree = "<group>";
		};
		E35D129C1AA7BF8500A646F4 /* Supporting Files */ = {
			isa = PBXGroup;
			children = (
				E35D129D1AA7BF8500A646F4 /* Info.plist */,
			);
			name = "Supporting Files";
			sourceTree = "<group>";
		};
		E35D12AA1AA7C28A00A646F4 /* Image */ = {
			isa = PBXGroup;
			children = (
				E3DF5FDA1AAB79C000B1B97E /* Tela Aberto.png */,
				E3DF5FD81AAB6FCB00B1B97E /* Telas Feirante Venda Fechar.png */,
				E35D12AD1AA7C59300A646F4 /* backgroundimage.png */,
				E35D12B71AA7D8E900A646F4 /* botao.png */,
				E35D12B31AA7D0C500A646F4 /* face.png */,
				E35D12AB1AA7C29C00A646F4 /* fundoentrar.png */,
				E35D12BB1AA904CF00A646F4 /* linha.png */,
				E35D12B11AA7CD0100A646F4 /* Logo.png */,
				E3D4451C1AAA5AE900A8928D /* pin.png */,
				E3DF5FD61AAB6F1300B1B97E /* Tela Aberto.png */,
				CF775A6C1AAB36F600C53713 /* Telas Boas Vindas - Cliente.png */,
				E3DF5FD21AAB425900B1B97E /* Telas Boas Vindas - Feirante.png */,
				CF775A701AAB411100C53713 /* Telas Cliente Compra.png */,
				CF775A761AAB6AF200C53713 /* Telas Criar Lista.png */,
				CF775A651AAB29B700C53713 /* Telas Feirante Venda.png */,
				CF775A781AAB6C3C00C53713 /* Telas Feirantes Favoritos.png */,
				CF775A661AAB29B700C53713 /* Telas Inicial Cliente.png */,
				CF775A671AAB29B700C53713 /* Telas Inicial Feirante.png */,
				CF775A721AAB655C00C53713 /* Telas Procurar Feirante.png */,
				CF775A741AAB68B600C53713 /* Telas Procurar Produto.png */,
				E35D12C11AA920E000A646F4 /* triangulo.png */,
				E3DF5FD41AAB4B1100B1B97E /* Telas Criar Lista.png */,
				CF775A6E1AAB375300C53713 /* Telas Cliente Compra.png */,
			);
			name = Image;
			sourceTree = "<group>";
		};
/* End PBXGroup section */

/* Begin PBXNativeTarget section */
		E35D127E1AA7BF8500A646F4 /* MinhaFeira */ = {
			isa = PBXNativeTarget;
			buildConfigurationList = E35D12A21AA7BF8500A646F4 /* Build configuration list for PBXNativeTarget "MinhaFeira" */;
			buildPhases = (
				E35D127B1AA7BF8500A646F4 /* Sources */,
				E35D127C1AA7BF8500A646F4 /* Frameworks */,
				E35D127D1AA7BF8500A646F4 /* Resources */,
			);
			buildRules = (
			);
			dependencies = (
			);
			name = MinhaFeira;
			productName = MinhaFeira;
			productReference = E35D127F1AA7BF8500A646F4 /* MinhaFeira.app */;
			productType = "com.apple.product-type.application";
		};
		E35D12971AA7BF8500A646F4 /* MinhaFeiraTests */ = {
			isa = PBXNativeTarget;
			buildConfigurationList = E35D12A51AA7BF8500A646F4 /* Build configuration list for PBXNativeTarget "MinhaFeiraTests" */;
			buildPhases = (
				E35D12941AA7BF8500A646F4 /* Sources */,
				E35D12951AA7BF8500A646F4 /* Frameworks */,
				E35D12961AA7BF8500A646F4 /* Resources */,
			);
			buildRules = (
			);
			dependencies = (
				E35D129A1AA7BF8500A646F4 /* PBXTargetDependency */,
			);
			name = MinhaFeiraTests;
			productName = MinhaFeiraTests;
			productReference = E35D12981AA7BF8500A646F4 /* MinhaFeiraTests.xctest */;
			productType = "com.apple.product-type.bundle.unit-test";
		};
/* End PBXNativeTarget section */

/* Begin PBXProject section */
		E35D12771AA7BF8500A646F4 /* Project object */ = {
			isa = PBXProject;
			attributes = {
				LastUpgradeCheck = 0610;
				ORGANIZATIONNAME = "Rafael Alexandre Faria";
				TargetAttributes = {
					E35D127E1AA7BF8500A646F4 = {
						CreatedOnToolsVersion = 6.1.1;
						SystemCapabilities = {
							com.apple.Maps.iOS = {
								enabled = 1;
							};
						};
					};
					E35D12971AA7BF8500A646F4 = {
						CreatedOnToolsVersion = 6.1.1;
						TestTargetID = E35D127E1AA7BF8500A646F4;
					};
				};
			};
			buildConfigurationList = E35D127A1AA7BF8500A646F4 /* Build configuration list for PBXProject "MinhaFeira" */;
			compatibilityVersion = "Xcode 3.2";
			developmentRegion = English;
			hasScannedForEncodings = 0;
			knownRegions = (
				en,
				Base,
			);
			mainGroup = E35D12761AA7BF8500A646F4;
			productRefGroup = E35D12801AA7BF8500A646F4 /* Products */;
			projectDirPath = "";
			projectRoot = "";
			targets = (
				E35D127E1AA7BF8500A646F4 /* MinhaFeira */,
				E35D12971AA7BF8500A646F4 /* MinhaFeiraTests */,
			);
		};
/* End PBXProject section */

/* Begin PBXResourcesBuildPhase section */
		E35D127D1AA7BF8500A646F4 /* Resources */ = {
			isa = PBXResourcesBuildPhase;
			buildActionMask = 2147483647;
			files = (
				E35D12B21AA7CD0100A646F4 /* Logo.png in Resources */,
				E3DF5FD71AAB6F1300B1B97E /* Tela Aberto.png in Resources */,
				CF775A6B1AAB29B700C53713 /* Telas Inicial Feirante.png in Resources */,
				CF775A711AAB411100C53713 /* Telas Cliente Compra.png in Resources */,
				CF775A791AAB6C3C00C53713 /* Telas Feirantes Favoritos.png in Resources */,
				CF775A731AAB655C00C53713 /* Telas Procurar Feirante.png in Resources */,
				E35D12C21AA920E000A646F4 /* triangulo.png in Resources */,
				CF775A751AAB68B600C53713 /* Telas Procurar Produto.png in Resources */,
				E35D12C01AA91BA400A646F4 /* StoryboardJoao.storyboard in Resources */,
				E35D12C51AA9328F00A646F4 /* Main.storyboard in Resources */,
				E35D12B81AA7D8E900A646F4 /* botao.png in Resources */,
				CF775A771AAB6AF200C53713 /* Telas Criar Lista.png in Resources */,
				CF775A6D1AAB36F600C53713 /* Telas Boas Vindas - Cliente.png in Resources */,
				CF775A691AAB29B700C53713 /* Telas Feirante Venda.png in Resources */,
				E35D12BC1AA904CF00A646F4 /* linha.png in Resources */,
				E35D12931AA7BF8500A646F4 /* LaunchScreen.xib in Resources */,
				E3DF5FD91AAB6FCB00B1B97E /* Telas Feirante Venda Fechar.png in Resources */,
				E35D12AC1AA7C29C00A646F4 /* fundoentrar.png in Resources */,
				E3DF5FD31AAB425900B1B97E /* Telas Boas Vindas - Feirante.png in Resources */,
				E3DF5FDB1AAB79C000B1B97E /* Tela Aberto.png in Resources */,
				CF775A6F1AAB375300C53713 /* Telas Cliente Compra.png in Resources */,
				E3DF5FD51AAB4B1100B1B97E /* Telas Criar Lista.png in Resources */,
				E3DF5FD11AAB41E200B1B97E /* StoryboardComerciante.storyboard in Resources */,
				E35D12BE1AA91B9900A646F4 /* StoryboardGuilherme.storyboard in Resources */,
				E35D12901AA7BF8500A646F4 /* Images.xcassets in Resources */,
				E35D12AE1AA7C59300A646F4 /* backgroundimage.png in Resources */,
				E35D12B41AA7D0C500A646F4 /* face.png in Resources */,
				E3D4451D1AAA5AE900A8928D /* pin.png in Resources */,
				CF775A6A1AAB29B700C53713 /* Telas Inicial Cliente.png in Resources */,
				CF775A631AAB273000C53713 /* StoryboardUsuario.storyboard in Resources */,
			);
			runOnlyForDeploymentPostprocessing = 0;
		};
		E35D12961AA7BF8500A646F4 /* Resources */ = {
			isa = PBXResourcesBuildPhase;
			buildActionMask = 2147483647;
			files = (
			);
			runOnlyForDeploymentPostprocessing = 0;
		};
/* End PBXResourcesBuildPhase section */

/* Begin PBXSourcesBuildPhase section */
		E35D127B1AA7BF8500A646F4 /* Sources */ = {
			isa = PBXSourcesBuildPhase;
			buildActionMask = 2147483647;
			files = (
				E35D128B1AA7BF8500A646F4 /* ViewController.m in Sources */,
				E35D12881AA7BF8500A646F4 /* AppDelegate.m in Sources */,
				E35D12851AA7BF8500A646F4 /* main.m in Sources */,
			);
			runOnlyForDeploymentPostprocessing = 0;
		};
		E35D12941AA7BF8500A646F4 /* Sources */ = {
			isa = PBXSourcesBuildPhase;
			buildActionMask = 2147483647;
			files = (
				E35D129F1AA7BF8500A646F4 /* MinhaFeiraTests.m in Sources */,
			);
			runOnlyForDeploymentPostprocessing = 0;
		};
/* End PBXSourcesBuildPhase section */

/* Begin PBXTargetDependency section */
		E35D129A1AA7BF8500A646F4 /* PBXTargetDependency */ = {
			isa = PBXTargetDependency;
			target = E35D127E1AA7BF8500A646F4 /* MinhaFeira */;
			targetProxy = E35D12991AA7BF8500A646F4 /* PBXContainerItemProxy */;
		};
/* End PBXTargetDependency section */

/* Begin PBXVariantGroup section */
		E35D12911AA7BF8500A646F4 /* LaunchScreen.xib */ = {
			isa = PBXVariantGroup;
			children = (
				E35D12921AA7BF8500A646F4 /* Base */,
			);
			name = LaunchScreen.xib;
			sourceTree = "<group>";
		};
		E35D12C31AA9328F00A646F4 /* Main.storyboard */ = {
			isa = PBXVariantGroup;
			children = (
				E35D12C41AA9328F00A646F4 /* Base */,
			);
			name = Main.storyboard;
			sourceTree = "<group>";
		};
/* End PBXVariantGroup section */

/* Begin XCBuildConfiguration section */
		E35D12A01AA7BF8500A646F4 /* Debug */ = {
			isa = XCBuildConfiguration;
			buildSettings = {
				ALWAYS_SEARCH_USER_PATHS = NO;
				CLANG_CXX_LANGUAGE_STANDARD = "gnu++0x";
				CLANG_CXX_LIBRARY = "libc++";
				CLANG_ENABLE_MODULES = YES;
				CLANG_ENABLE_OBJC_ARC = YES;
				CLANG_WARN_BOOL_CONVERSION = YES;
				CLANG_WARN_CONSTANT_CONVERSION = YES;
				CLANG_WARN_DIRECT_OBJC_ISA_USAGE = YES_ERROR;
				CLANG_WARN_EMPTY_BODY = YES;
				CLANG_WARN_ENUM_CONVERSION = YES;
				CLANG_WARN_INT_CONVERSION = YES;
				CLANG_WARN_OBJC_ROOT_CLASS = YES_ERROR;
				CLANG_WARN_UNREACHABLE_CODE = YES;
				CLANG_WARN__DUPLICATE_METHOD_MATCH = YES;
				"CODE_SIGN_IDENTITY[sdk=iphoneos*]" = "iPhone Developer";
				COPY_PHASE_STRIP = NO;
				ENABLE_STRICT_OBJC_MSGSEND = YES;
				GCC_C_LANGUAGE_STANDARD = gnu99;
				GCC_DYNAMIC_NO_PIC = NO;
				GCC_OPTIMIZATION_LEVEL = 0;
				GCC_PREPROCESSOR_DEFINITIONS = (
					"DEBUG=1",
					"$(inherited)",
				);
				GCC_SYMBOLS_PRIVATE_EXTERN = NO;
				GCC_WARN_64_TO_32_BIT_CONVERSION = YES;
				GCC_WARN_ABOUT_RETURN_TYPE = YES_ERROR;
				GCC_WARN_UNDECLARED_SELECTOR = YES;
				GCC_WARN_UNINITIALIZED_AUTOS = YES_AGGRESSIVE;
				GCC_WARN_UNUSED_FUNCTION = YES;
				GCC_WARN_UNUSED_VARIABLE = YES;
				IPHONEOS_DEPLOYMENT_TARGET = 8.1;
				MTL_ENABLE_DEBUG_INFO = YES;
				ONLY_ACTIVE_ARCH = YES;
				SDKROOT = iphoneos;
				TARGETED_DEVICE_FAMILY = "1,2";
			};
			name = Debug;
		};
		E35D12A11AA7BF8500A646F4 /* Release */ = {
			isa = XCBuildConfiguration;
			buildSettings = {
				ALWAYS_SEARCH_USER_PATHS = NO;
				CLANG_CXX_LANGUAGE_STANDARD = "gnu++0x";
				CLANG_CXX_LIBRARY = "libc++";
				CLANG_ENABLE_MODULES = YES;
				CLANG_ENABLE_OBJC_ARC = YES;
				CLANG_WARN_BOOL_CONVERSION = YES;
				CLANG_WARN_CONSTANT_CONVERSION = YES;
				CLANG_WARN_DIRECT_OBJC_ISA_USAGE = YES_ERROR;
				CLANG_WARN_EMPTY_BODY = YES;
				CLANG_WARN_ENUM_CONVERSION = YES;
				CLANG_WARN_INT_CONVERSION = YES;
				CLANG_WARN_OBJC_ROOT_CLASS = YES_ERROR;
				CLANG_WARN_UNREACHABLE_CODE = YES;
				CLANG_WARN__DUPLICATE_METHOD_MATCH = YES;
				"CODE_SIGN_IDENTITY[sdk=iphoneos*]" = "iPhone Developer";
				COPY_PHASE_STRIP = YES;
				ENABLE_NS_ASSERTIONS = NO;
				ENABLE_STRICT_OBJC_MSGSEND = YES;
				GCC_C_LANGUAGE_STANDARD = gnu99;
				GCC_WARN_64_TO_32_BIT_CONVERSION = YES;
				GCC_WARN_ABOUT_RETURN_TYPE = YES_ERROR;
				GCC_WARN_UNDECLARED_SELECTOR = YES;
				GCC_WARN_UNINITIALIZED_AUTOS = YES_AGGRESSIVE;
				GCC_WARN_UNUSED_FUNCTION = YES;
				GCC_WARN_UNUSED_VARIABLE = YES;
				IPHONEOS_DEPLOYMENT_TARGET = 8.1;
				MTL_ENABLE_DEBUG_INFO = NO;
				SDKROOT = iphoneos;
				TARGETED_DEVICE_FAMILY = "1,2";
				VALIDATE_PRODUCT = YES;
			};
			name = Release;
		};
		E35D12A31AA7BF8500A646F4 /* Debug */ = {
			isa = XCBuildConfiguration;
			buildSettings = {
				ASSETCATALOG_COMPILER_APPICON_NAME = AppIcon;
				CODE_SIGN_IDENTITY = "iPhone Developer";
				INFOPLIST_FILE = MinhaFeira/Info.plist;
				LD_RUNPATH_SEARCH_PATHS = "$(inherited) @executable_path/Frameworks";
				PRODUCT_NAME = "$(TARGET_NAME)";
				TARGETED_DEVICE_FAMILY = 1;
			};
			name = Debug;
		};
		E35D12A41AA7BF8500A646F4 /* Release */ = {
			isa = XCBuildConfiguration;
			buildSettings = {
				ASSETCATALOG_COMPILER_APPICON_NAME = AppIcon;
				CODE_SIGN_IDENTITY = "iPhone Developer";
				INFOPLIST_FILE = MinhaFeira/Info.plist;
				LD_RUNPATH_SEARCH_PATHS = "$(inherited) @executable_path/Frameworks";
				PRODUCT_NAME = "$(TARGET_NAME)";
				TARGETED_DEVICE_FAMILY = 1;
			};
			name = Release;
		};
		E35D12A61AA7BF8500A646F4 /* Debug */ = {
			isa = XCBuildConfiguration;
			buildSettings = {
				BUNDLE_LOADER = "$(TEST_HOST)";
				FRAMEWORK_SEARCH_PATHS = (
					"$(SDKROOT)/Developer/Library/Frameworks",
					"$(inherited)",
				);
				GCC_PREPROCESSOR_DEFINITIONS = (
					"DEBUG=1",
					"$(inherited)",
				);
				INFOPLIST_FILE = MinhaFeiraTests/Info.plist;
				LD_RUNPATH_SEARCH_PATHS = "$(inherited) @executable_path/Frameworks @loader_path/Frameworks";
				PRODUCT_NAME = "$(TARGET_NAME)";
				TEST_HOST = "$(BUILT_PRODUCTS_DIR)/MinhaFeira.app/MinhaFeira";
			};
			name = Debug;
		};
		E35D12A71AA7BF8500A646F4 /* Release */ = {
			isa = XCBuildConfiguration;
			buildSettings = {
				BUNDLE_LOADER = "$(TEST_HOST)";
				FRAMEWORK_SEARCH_PATHS = (
					"$(SDKROOT)/Developer/Library/Frameworks",
					"$(inherited)",
				);
				INFOPLIST_FILE = MinhaFeiraTests/Info.plist;
				LD_RUNPATH_SEARCH_PATHS = "$(inherited) @executable_path/Frameworks @loader_path/Frameworks";
				PRODUCT_NAME = "$(TARGET_NAME)";
				TEST_HOST = "$(BUILT_PRODUCTS_DIR)/MinhaFeira.app/MinhaFeira";
			};
			name = Release;
		};
/* End XCBuildConfiguration section */

/* Begin XCConfigurationList section */
		E35D127A1AA7BF8500A646F4 /* Build configuration list for PBXProject "MinhaFeira" */ = {
			isa = XCConfigurationList;
			buildConfigurations = (
				E35D12A01AA7BF8500A646F4 /* Debug */,
				E35D12A11AA7BF8500A646F4 /* Release */,
			);
			defaultConfigurationIsVisible = 0;
			defaultConfigurationName = Release;
		};
		E35D12A21AA7BF8500A646F4 /* Build configuration list for PBXNativeTarget "MinhaFeira" */ = {
			isa = XCConfigurationList;
			buildConfigurations = (
				E35D12A31AA7BF8500A646F4 /* Debug */,
				E35D12A41AA7BF8500A646F4 /* Release */,
			);
			defaultConfigurationIsVisible = 0;
			defaultConfigurationName = Release;
		};
		E35D12A51AA7BF8500A646F4 /* Build configuration list for PBXNativeTarget "MinhaFeiraTests" */ = {
			isa = XCConfigurationList;
			buildConfigurations = (
				E35D12A61AA7BF8500A646F4 /* Debug */,
				E35D12A71AA7BF8500A646F4 /* Release */,
			);
			defaultConfigurationIsVisible = 0;
			defaultConfigurationName = Release;
		};
/* End XCConfigurationList section */
	};
	rootObject = E35D12771AA7BF8500A646F4 /* Project object */;
}
